{
  "version": 4,
  "terraform_version": "1.5.7",
  "serial": 27,
  "lineage": "3ea07420-4da0-78f7-368a-69f824163704",
  "outputs": {},
  "resources": [
    {
      "mode": "managed",
      "type": "google_app_engine_application",
      "name": "app",
      "provider": "provider[\"registry.terraform.io/hashicorp/google\"]",
      "instances": [
        {
          "schema_version": 0,
          "attributes": {
            "app_id": "windy-gearbox-429117-n2",
            "auth_domain": "gmail.com",
            "code_bucket": "staging.windy-gearbox-429117-n2.appspot.com",
            "database_type": "CLOUD_DATASTORE_COMPATIBILITY",
            "default_bucket": "windy-gearbox-429117-n2.appspot.com",
            "default_hostname": "windy-gearbox-429117-n2.uc.r.appspot.com",
            "feature_settings": [
              {
                "split_health_checks": true
              }
            ],
            "gcr_domain": "us.gcr.io",
            "iap": [],
            "id": "windy-gearbox-429117-n2",
            "location_id": "us-central",
            "name": "apps/windy-gearbox-429117-n2",
            "project": "windy-gearbox-429117-n2",
            "serving_status": "SERVING",
            "timeouts": null,
            "url_dispatch_rule": []
          },
          "sensitive_attributes": [],
          "private": "eyJlMmJmYjczMC1lY2FhLTExZTYtOGY4OC0zNDM2M2JjN2M0YzAiOnsiY3JlYXRlIjoyNDAwMDAwMDAwMDAsInVwZGF0ZSI6MjQwMDAwMDAwMDAwfX0="
        }
      ]
    },
    {
      "mode": "managed",
      "type": "google_firestore_database",
      "name": "database",
      "provider": "provider[\"registry.terraform.io/hashicorp/google\"]",
      "instances": [
        {
          "schema_version": 0,
          "attributes": {
            "app_engine_integration_mode": "DISABLED",
            "concurrency_mode": "PESSIMISTIC",
            "create_time": "",
            "delete_protection_state": "DELETE_PROTECTION_DISABLED",
            "deletion_policy": "ABANDON",
            "earliest_version_time": "2024-07-11T20:49:38.439502Z",
            "etag": "IJaQz5fyn4cDMM6i5bXun4cD",
            "id": "projects/windy-gearbox-429117-n2/databases/hello-world",
            "key_prefix": "",
            "location_id": "nam5",
            "name": "hello-world",
            "point_in_time_recovery_enablement": "POINT_IN_TIME_RECOVERY_DISABLED",
            "project": "windy-gearbox-429117-n2",
            "timeouts": null,
            "type": "FIRESTORE_NATIVE",
            "uid": "fdeb4ccc-4239-4319-ba56-44dd56a48952",
            "update_time": "",
            "version_retention_period": "3600s"
          },
          "sensitive_attributes": [],
          "private": "eyJlMmJmYjczMC1lY2FhLTExZTYtOGY4OC0zNDM2M2JjN2M0YzAiOnsiY3JlYXRlIjoxMjAwMDAwMDAwMDAwLCJkZWxldGUiOjEyMDAwMDAwMDAwMDAsInVwZGF0ZSI6MTIwMDAwMDAwMDAwMH19"
        }
      ]
    },
    {
      "mode": "managed",
      "type": "google_monitoring_dashboard",
      "name": "dashboard",
      "provider": "provider[\"registry.terraform.io/hashicorp/google\"]",
      "instances": [
        {
          "schema_version": 0,
          "attributes": {
            "dashboard_json": "{\"displayName\":\"Hello World App Dashboard\",\"etag\":\"146135a150cdddb773703b9651e41afc\",\"gridLayout\":{\"columns\":\"2\",\"widgets\":[{\"title\":\"Request Latency\",\"xyChart\":{\"dataSets\":[{\"plotType\":\"LINE\",\"targetAxis\":\"Y1\",\"timeSeriesQuery\":{\"timeSeriesFilter\":{\"filter\":\"metric.type=\\\"appengine.googleapis.com/http/server/response_latencies\\\" resource.type=\\\"gae_app\\\"\"},\"unitOverride\":\"ms\"}}]}},{\"title\":\"Error Rate\",\"xyChart\":{\"dataSets\":[{\"plotType\":\"LINE\",\"targetAxis\":\"Y1\",\"timeSeriesQuery\":{\"timeSeriesFilter\":{\"filter\":\"metric.type=\\\"appengine.googleapis.com/http/server/response_count\\\" resource.type=\\\"gae_app\\\" metric.label.response_code \\u003e= 400\"}}}]}}]},\"name\":\"projects/1001452667453/dashboards/9ef6bf2a-d530-415d-97cb-d71eb19c7039\"}",
            "id": "projects/1001452667453/dashboards/9ef6bf2a-d530-415d-97cb-d71eb19c7039",
            "project": "windy-gearbox-429117-n2",
            "timeouts": null
          },
          "sensitive_attributes": [],
          "private": "eyJlMmJmYjczMC1lY2FhLTExZTYtOGY4OC0zNDM2M2JjN2M0YzAiOnsiY3JlYXRlIjoyNDAwMDAwMDAwMDAsImRlbGV0ZSI6MjQwMDAwMDAwMDAwLCJ1cGRhdGUiOjI0MDAwMDAwMDAwMH19"
        }
      ]
    }
  ],
  "check_results": null
}
